<?xml version="1.0" encoding="UTF-8"?>
<Scheme
   version = "1.3">
   <BuildAction>
      <BuildActionEntries>
         <BuildActionEntry
            buildForRunning = "YES">
            <BuildableReference
               BuildableIdentifier = "primary"
               BlueprintIdentifier = "8D60AAA52273BF0D00E4320D"
               BuildableName = "MilestoneProject7.app"
               BlueprintName = "MilestoneProject7"
               ReferencedContainer = "container:MilestoneProject7.xcodeproj">
            </BuildableReference>
         </BuildActionEntry>
      </BuildActionEntries>
   </BuildAction>
   <LaunchAction
      useCustomWorkingDirectory = "NO"
      buildConfiguration = "Debug"
      allowLocationSimulation = "YES">
      <BuildableProductRunnable>
         <BuildableReference
            BuildableIdentifier = "primary"
            BlueprintIdentifier = "8D60AAA52273BF0D00E4320D"
            BuildableName = "MilestoneProject7.app"
            BlueprintName = "MilestoneProject7"
            ReferencedContainer = "container:MilestoneProject7.xcodeproj">
         </BuildableReference>
      </BuildableProductRunnable>
   </LaunchAction>
</Scheme>
